
Microsoft Visual Studio Solution File, Format Version 11.00
# Visual Studio 2010
Project("{8BC9CEB8-8B4A-11D0-8D11-00A0C91BC942}") = "001", "001\001.vcxproj", "{FE6625CE-7EC7-4041-B2CD-BE0AFA49F139}"
EndProject
Project("{8BC9CEB8-8B4A-11D0-8D11-00A0C91BC942}") = "002", "002\002.vcxproj", "{171313E7-9B35-41BA-A5D5-5BE539925967}"
EndProject
Project("{8BC9CEB8-8B4A-11D0-8D11-00A0C91BC942}") = "055", "055\055.vcxproj", "{AAB882A7-5C9B-463B-A0D2-AC1C43BE44D3}"
EndProject
Project("{8BC9CEB8-8B4A-11D0-8D11-00A0C91BC942}") = "054", "054\054.vcxproj", "{EE1FD38F-3937-430D-96FA-8EE17F3A167F}"
EndProject
Project("{8BC9CEB8-8B4A-11D0-8D11-00A0C91BC942}") = "053", "053\053.vcxproj", "{446780F2-2B7B-497E-B6B1-6AB43DDD19A6}"
EndProject
Project("{8BC9CEB8-8B4A-11D0-8D11-00A0C91BC942}") = "052", "052\052.vcxproj", "{330D06AE-C6B6-49A7-876E-F8DCA193A76F}"
EndProject
Project("{8BC9CEB8-8B4A-11D0-8D11-00A0C91BC942}") = "051", "051\051.vcxproj", "{98FF198D-0399-49BD-89CB-23C1A7E0272D}"
EndProject
Project("{8BC9CEB8-8B4A-11D0-8D11-00A0C91BC942}") = "050", "050\050.vcxproj", "{DCB21852-2A11-4146-8919-380169DF2BAA}"
EndProject
Project("{8BC9CEB8-8B4A-11D0-8D11-00A0C91BC942}") = "049", "049\049.vcxproj", "{E9BA8492-297D-43AA-A288-319ECA7E58E7}"
EndProject
Project("{8BC9CEB8-8B4A-11D0-8D11-00A0C91BC942}") = "048", "048\048.vcxproj", "{6CABCF47-B5AF-4750-BC98-42A8B503B354}"
EndProject
Project("{8BC9CEB8-8B4A-11D0-8D11-00A0C91BC942}") = "047", "047\047.vcxproj", "{086DA70A-F7D9-4B63-AADB-A28C0D0930DC}"
EndProject
Project("{8BC9CEB8-8B4A-11D0-8D11-00A0C91BC942}") = "046", "046\046.vcxproj", "{2B7908CF-0FCE-42EE-84C2-5F7BFE8BE680}"
EndProject
Project("{8BC9CEB8-8B4A-11D0-8D11-00A0C91BC942}") = "045", "045\045.vcxproj", "{3A4D3AF3-6D1B-46F0-96EB-E7E7CA38114D}"
EndProject
Project("{8BC9CEB8-8B4A-11D0-8D11-00A0C91BC942}") = "044", "044\044.vcxproj", "{4CEA6A02-D2EA-4AF2-9CDD-460628186EE6}"
EndProject
Project("{8BC9CEB8-8B4A-11D0-8D11-00A0C91BC942}") = "043", "043\043.vcxproj", "{BD9F6D99-8D12-4359-87A0-12D9937F49A5}"
EndProject
Project("{8BC9CEB8-8B4A-11D0-8D11-00A0C91BC942}") = "042", "042\042.vcxproj", "{4EF34A14-2E74-4D64-B936-8E2007024845}"
EndProject
Project("{8BC9CEB8-8B4A-11D0-8D11-00A0C91BC942}") = "030", "030\030.vcxproj", "{0DDE5BE1-CC68-43FB-A4A0-684C05F78E7B}"
EndProject
Project("{8BC9CEB8-8B4A-11D0-8D11-00A0C91BC942}") = "029", "029\029.vcxproj", "{E1B8AC60-B16F-4DCB-88E4-741D1C5A91B9}"
EndProject
Project("{8BC9CEB8-8B4A-11D0-8D11-00A0C91BC942}") = "028", "028\028.vcxproj", "{8CAD677B-FB96-487F-AC0C-D8E63A773DC0}"
EndProject
Project("{8BC9CEB8-8B4A-11D0-8D11-00A0C91BC942}") = "027", "027\027.vcxproj", "{8067E96F-5B7F-425F-AF12-D6D31BC7FD68}"
EndProject
Project("{8BC9CEB8-8B4A-11D0-8D11-00A0C91BC942}") = "026", "026\026.vcxproj", "{2F718725-52DC-46E1-B714-05BD4A49C9C0}"
EndProject
Project("{8BC9CEB8-8B4A-11D0-8D11-00A0C91BC942}") = "025", "025\025.vcxproj", "{02364DEB-7710-4E50-881A-904FC5766431}"
EndProject
Project("{8BC9CEB8-8B4A-11D0-8D11-00A0C91BC942}") = "024", "024\024.vcxproj", "{D7687EC3-94E0-4174-9726-692F9867ABCA}"
EndProject
Project("{8BC9CEB8-8B4A-11D0-8D11-00A0C91BC942}") = "023", "023\023.vcxproj", "{C99C47AC-1DED-4044-884F-E43CB4AF68C4}"
EndProject
Project("{8BC9CEB8-8B4A-11D0-8D11-00A0C91BC942}") = "022", "022\022.vcxproj", "{D52D2FA1-B1C2-45DA-B4CC-7C8E43815C72}"
EndProject
Project("{8BC9CEB8-8B4A-11D0-8D11-00A0C91BC942}") = "021", "021\021.vcxproj", "{141D35DE-E35C-42A8-B67F-BA108E0CE5E5}"
EndProject
Project("{8BC9CEB8-8B4A-11D0-8D11-00A0C91BC942}") = "020", "020\020.vcxproj", "{0D516787-DFEE-4DBE-BEE2-AC9970DDD662}"
EndProject
Project("{8BC9CEB8-8B4A-11D0-8D11-00A0C91BC942}") = "019", "019\019.vcxproj", "{576E2BE3-5D34-4A4C-89A2-C3278523ABD6}"
EndProject
Project("{8BC9CEB8-8B4A-11D0-8D11-00A0C91BC942}") = "018", "018\018.vcxproj", "{06B356E8-AD8F-4241-BC9C-7E90B46356B2}"
EndProject
Project("{8BC9CEB8-8B4A-11D0-8D11-00A0C91BC942}") = "017", "017\017.vcxproj", "{171B70D3-FB5C-47CD-9341-C8D3479F2C3F}"
EndProject
Project("{8BC9CEB8-8B4A-11D0-8D11-00A0C91BC942}") = "016", "016\016.vcxproj", "{97BC5568-4F60-4323-8B5C-C4CA7D0B5218}"
EndProject
Project("{8BC9CEB8-8B4A-11D0-8D11-00A0C91BC942}") = "015", "015\015.vcxproj", "{CACB4EA0-0D32-4112-960E-C64B382178B9}"
EndProject
Project("{8BC9CEB8-8B4A-11D0-8D11-00A0C91BC942}") = "013", "013\013.vcxproj", "{A08BFC50-F65B-4B02-932E-0FBB9CBA714E}"
EndProject
Project("{8BC9CEB8-8B4A-11D0-8D11-00A0C91BC942}") = "012", "012\012.vcxproj", "{17596F80-0759-44D2-97B9-5B26E2CB8371}"
EndProject
Project("{8BC9CEB8-8B4A-11D0-8D11-00A0C91BC942}") = "011", "011\011.vcxproj", "{EA78435D-21D3-44BE-9CDA-3894BCF00010}"
EndProject
Project("{8BC9CEB8-8B4A-11D0-8D11-00A0C91BC942}") = "010", "010\010.vcxproj", "{D90675A3-22D5-46F3-88B6-5D51ABF27AFE}"
EndProject
Project("{8BC9CEB8-8B4A-11D0-8D11-00A0C91BC942}") = "009", "009\009.vcxproj", "{2C834184-C92B-4A8F-8EB2-E787C3234B06}"
EndProject
Project("{8BC9CEB8-8B4A-11D0-8D11-00A0C91BC942}") = "008", "008\008.vcxproj", "{DA513105-1B71-43BB-8195-22512969333F}"
EndProject
Project("{8BC9CEB8-8B4A-11D0-8D11-00A0C91BC942}") = "007", "007\007.vcxproj", "{AAA27443-C978-41EA-A40A-65639968CF8E}"
EndProject
Project("{8BC9CEB8-8B4A-11D0-8D11-00A0C91BC942}") = "006", "006\006.vcxproj", "{CBC443D2-E71D-4838-A444-1F6C89813B0F}"
EndProject
Project("{8BC9CEB8-8B4A-11D0-8D11-00A0C91BC942}") = "005", "005\005.vcxproj", "{E23610EA-E995-4764-80A1-25B7D476D6FD}"
EndProject
Project("{8BC9CEB8-8B4A-11D0-8D11-00A0C91BC942}") = "004", "004\004.vcxproj", "{425B68EA-00B0-4751-9160-FD6AA996E486}"
EndProject
Project("{8BC9CEB8-8B4A-11D0-8D11-00A0C91BC942}") = "003", "003\003.vcxproj", "{C84395C8-3D3F-4BA9-8FC2-C1509DA76CE7}"
EndProject
Global
	GlobalSection(SolutionConfigurationPlatforms) = preSolution
		Debug|Win32 = Debug|Win32
		Release|Win32 = Release|Win32
	EndGlobalSection
	GlobalSection(ProjectConfigurationPlatforms) = postSolution
		{FE6625CE-7EC7-4041-B2CD-BE0AFA49F139}.Debug|Win32.ActiveCfg = Debug|Win32
		{FE6625CE-7EC7-4041-B2CD-BE0AFA49F139}.Debug|Win32.Build.0 = Debug|Win32
		{FE6625CE-7EC7-4041-B2CD-BE0AFA49F139}.Release|Win32.ActiveCfg = Release|Win32
		{FE6625CE-7EC7-4041-B2CD-BE0AFA49F139}.Release|Win32.Build.0 = Release|Win32
		{171313E7-9B35-41BA-A5D5-5BE539925967}.Debug|Win32.ActiveCfg = Debug|Win32
		{171313E7-9B35-41BA-A5D5-5BE539925967}.Debug|Win32.Build.0 = Debug|Win32
		{171313E7-9B35-41BA-A5D5-5BE539925967}.Release|Win32.ActiveCfg = Release|Win32
		{171313E7-9B35-41BA-A5D5-5BE539925967}.Release|Win32.Build.0 = Release|Win32
		{AAB882A7-5C9B-463B-A0D2-AC1C43BE44D3}.Debug|Win32.ActiveCfg = Debug|Win32
		{AAB882A7-5C9B-463B-A0D2-AC1C43BE44D3}.Debug|Win32.Build.0 = Debug|Win32
		{AAB882A7-5C9B-463B-A0D2-AC1C43BE44D3}.Release|Win32.ActiveCfg = Release|Win32
		{AAB882A7-5C9B-463B-A0D2-AC1C43BE44D3}.Release|Win32.Build.0 = Release|Win32
		{EE1FD38F-3937-430D-96FA-8EE17F3A167F}.Debug|Win32.ActiveCfg = Debug|Win32
		{EE1FD38F-3937-430D-96FA-8EE17F3A167F}.Debug|Win32.Build.0 = Debug|Win32
		{EE1FD38F-3937-430D-96FA-8EE17F3A167F}.Release|Win32.ActiveCfg = Release|Win32
		{EE1FD38F-3937-430D-96FA-8EE17F3A167F}.Release|Win32.Build.0 = Release|Win32
		{446780F2-2B7B-497E-B6B1-6AB43DDD19A6}.Debug|Win32.ActiveCfg = Debug|Win32
		{446780F2-2B7B-497E-B6B1-6AB43DDD19A6}.Debug|Win32.Build.0 = Debug|Win32
		{446780F2-2B7B-497E-B6B1-6AB43DDD19A6}.Release|Win32.ActiveCfg = Release|Win32
		{446780F2-2B7B-497E-B6B1-6AB43DDD19A6}.Release|Win32.Build.0 = Release|Win32
		{330D06AE-C6B6-49A7-876E-F8DCA193A76F}.Debug|Win32.ActiveCfg = Debug|Win32
		{330D06AE-C6B6-49A7-876E-F8DCA193A76F}.Debug|Win32.Build.0 = Debug|Win32
		{330D06AE-C6B6-49A7-876E-F8DCA193A76F}.Release|Win32.ActiveCfg = Release|Win32
		{330D06AE-C6B6-49A7-876E-F8DCA193A76F}.Release|Win32.Build.0 = Release|Win32
		{98FF198D-0399-49BD-89CB-23C1A7E0272D}.Debug|Win32.ActiveCfg = Debug|Win32
		{98FF198D-0399-49BD-89CB-23C1A7E0272D}.Debug|Win32.Build.0 = Debug|Win32
		{98FF198D-0399-49BD-89CB-23C1A7E0272D}.Release|Win32.ActiveCfg = Release|Win32
		{98FF198D-0399-49BD-89CB-23C1A7E0272D}.Release|Win32.Build.0 = Release|Win32
		{DCB21852-2A11-4146-8919-380169DF2BAA}.Debug|Win32.ActiveCfg = Debug|Win32
		{DCB21852-2A11-4146-8919-380169DF2BAA}.Debug|Win32.Build.0 = Debug|Win32
		{DCB21852-2A11-4146-8919-380169DF2BAA}.Release|Win32.ActiveCfg = Release|Win32
		{DCB21852-2A11-4146-8919-380169DF2BAA}.Release|Win32.Build.0 = Release|Win32
		{E9BA8492-297D-43AA-A288-319ECA7E58E7}.Debug|Win32.ActiveCfg = Debug|Win32
		{E9BA8492-297D-43AA-A288-319ECA7E58E7}.Debug|Win32.Build.0 = Debug|Win32
		{E9BA8492-297D-43AA-A288-319ECA7E58E7}.Release|Win32.ActiveCfg = Release|Win32
		{E9BA8492-297D-43AA-A288-319ECA7E58E7}.Release|Win32.Build.0 = Release|Win32
		{6CABCF47-B5AF-4750-BC98-42A8B503B354}.Debug|Win32.ActiveCfg = Debug|Win32
		{6CABCF47-B5AF-4750-BC98-42A8B503B354}.Debug|Win32.Build.0 = Debug|Win32
		{6CABCF47-B5AF-4750-BC98-42A8B503B354}.Release|Win32.ActiveCfg = Release|Win32
		{6CABCF47-B5AF-4750-BC98-42A8B503B354}.Release|Win32.Build.0 = Release|Win32
		{086DA70A-F7D9-4B63-AADB-A28C0D0930DC}.Debug|Win32.ActiveCfg = Debug|Win32
		{086DA70A-F7D9-4B63-AADB-A28C0D0930DC}.Debug|Win32.Build.0 = Debug|Win32
		{086DA70A-F7D9-4B63-AADB-A28C0D0930DC}.Release|Win32.ActiveCfg = Release|Win32
		{086DA70A-F7D9-4B63-AADB-A28C0D0930DC}.Release|Win32.Build.0 = Release|Win32
		{2B7908CF-0FCE-42EE-84C2-5F7BFE8BE680}.Debug|Win32.ActiveCfg = Debug|Win32
		{2B7908CF-0FCE-42EE-84C2-5F7BFE8BE680}.Debug|Win32.Build.0 = Debug|Win32
		{2B7908CF-0FCE-42EE-84C2-5F7BFE8BE680}.Release|Win32.ActiveCfg = Release|Win32
		{2B7908CF-0FCE-42EE-84C2-5F7BFE8BE680}.Release|Win32.Build.0 = Release|Win32
		{3A4D3AF3-6D1B-46F0-96EB-E7E7CA38114D}.Debug|Win32.ActiveCfg = Debug|Win32
		{3A4D3AF3-6D1B-46F0-96EB-E7E7CA38114D}.Debug|Win32.Build.0 = Debug|Win32
		{3A4D3AF3-6D1B-46F0-96EB-E7E7CA38114D}.Release|Win32.ActiveCfg = Release|Win32
		{3A4D3AF3-6D1B-46F0-96EB-E7E7CA38114D}.Release|Win32.Build.0 = Release|Win32
		{4CEA6A02-D2EA-4AF2-9CDD-460628186EE6}.Debug|Win32.ActiveCfg = Debug|Win32
		{4CEA6A02-D2EA-4AF2-9CDD-460628186EE6}.Debug|Win32.Build.0 = Debug|Win32
		{4CEA6A02-D2EA-4AF2-9CDD-460628186EE6}.Release|Win32.ActiveCfg = Release|Win32
		{4CEA6A02-D2EA-4AF2-9CDD-460628186EE6}.Release|Win32.Build.0 = Release|Win32
		{BD9F6D99-8D12-4359-87A0-12D9937F49A5}.Debug|Win32.ActiveCfg = Debug|Win32
		{BD9F6D99-8D12-4359-87A0-12D9937F49A5}.Debug|Win32.Build.0 = Debug|Win32
		{BD9F6D99-8D12-4359-87A0-12D9937F49A5}.Release|Win32.ActiveCfg = Release|Win32
		{BD9F6D99-8D12-4359-87A0-12D9937F49A5}.Release|Win32.Build.0 = Release|Win32
		{4EF34A14-2E74-4D64-B936-8E2007024845}.Debug|Win32.ActiveCfg = Debug|Win32
		{4EF34A14-2E74-4D64-B936-8E2007024845}.Debug|Win32.Build.0 = Debug|Win32
		{4EF34A14-2E74-4D64-B936-8E2007024845}.Release|Win32.ActiveCfg = Release|Win32
		{4EF34A14-2E74-4D64-B936-8E2007024845}.Release|Win32.Build.0 = Release|Win32
		{0DDE5BE1-CC68-43FB-A4A0-684C05F78E7B}.Debug|Win32.ActiveCfg = Debug|Win32
		{0DDE5BE1-CC68-43FB-A4A0-684C05F78E7B}.Debug|Win32.Build.0 = Debug|Win32
		{0DDE5BE1-CC68-43FB-A4A0-684C05F78E7B}.Release|Win32.ActiveCfg = Release|Win32
		{0DDE5BE1-CC68-43FB-A4A0-684C05F78E7B}.Release|Win32.Build.0 = Release|Win32
		{E1B8AC60-B16F-4DCB-88E4-741D1C5A91B9}.Debug|Win32.ActiveCfg = Debug|Win32
		{E1B8AC60-B16F-4DCB-88E4-741D1C5A91B9}.Debug|Win32.Build.0 = Debug|Win32
		{E1B8AC60-B16F-4DCB-88E4-741D1C5A91B9}.Release|Win32.ActiveCfg = Release|Win32
		{E1B8AC60-B16F-4DCB-88E4-741D1C5A91B9}.Release|Win32.Build.0 = Release|Win32
		{8CAD677B-FB96-487F-AC0C-D8E63A773DC0}.Debug|Win32.ActiveCfg = Debug|Win32
		{8CAD677B-FB96-487F-AC0C-D8E63A773DC0}.Debug|Win32.Build.0 = Debug|Win32
		{8CAD677B-FB96-487F-AC0C-D8E63A773DC0}.Release|Win32.ActiveCfg = Release|Win32
		{8CAD677B-FB96-487F-AC0C-D8E63A773DC0}.Release|Win32.Build.0 = Release|Win32
		{8067E96F-5B7F-425F-AF12-D6D31BC7FD68}.Debug|Win32.ActiveCfg = Debug|Win32
		{8067E96F-5B7F-425F-AF12-D6D31BC7FD68}.Debug|Win32.Build.0 = Debug|Win32
		{8067E96F-5B7F-425F-AF12-D6D31BC7FD68}.Release|Win32.ActiveCfg = Release|Win32
		{8067E96F-5B7F-425F-AF12-D6D31BC7FD68}.Release|Win32.Build.0 = Release|Win32
		{2F718725-52DC-46E1-B714-05BD4A49C9C0}.Debug|Win32.ActiveCfg = Debug|Win32
		{2F718725-52DC-46E1-B714-05BD4A49C9C0}.Debug|Win32.Build.0 = Debug|Win32
		{2F718725-52DC-46E1-B714-05BD4A49C9C0}.Release|Win32.ActiveCfg = Release|Win32
		{2F718725-52DC-46E1-B714-05BD4A49C9C0}.Release|Win32.Build.0 = Release|Win32
		{02364DEB-7710-4E50-881A-904FC5766431}.Debug|Win32.ActiveCfg = Debug|Win32
		{02364DEB-7710-4E50-881A-904FC5766431}.Debug|Win32.Build.0 = Debug|Win32
		{02364DEB-7710-4E50-881A-904FC5766431}.Release|Win32.ActiveCfg = Release|Win32
		{02364DEB-7710-4E50-881A-904FC5766431}.Release|Win32.Build.0 = Release|Win32
		{D7687EC3-94E0-4174-9726-692F9867ABCA}.Debug|Win32.ActiveCfg = Debug|Win32
		{D7687EC3-94E0-4174-9726-692F9867ABCA}.Debug|Win32.Build.0 = Debug|Win32
		{D7687EC3-94E0-4174-9726-692F9867ABCA}.Release|Win32.ActiveCfg = Release|Win32
		{D7687EC3-94E0-4174-9726-692F9867ABCA}.Release|Win32.Build.0 = Release|Win32
		{C99C47AC-1DED-4044-884F-E43CB4AF68C4}.Debug|Win32.ActiveCfg = Debug|Win32
		{C99C47AC-1DED-4044-884F-E43CB4AF68C4}.Debug|Win32.Build.0 = Debug|Win32
		{C99C47AC-1DED-4044-884F-E43CB4AF68C4}.Release|Win32.ActiveCfg = Release|Win32
		{C99C47AC-1DED-4044-884F-E43CB4AF68C4}.Release|Win32.Build.0 = Release|Win32
		{D52D2FA1-B1C2-45DA-B4CC-7C8E43815C72}.Debug|Win32.ActiveCfg = Debug|Win32
		{D52D2FA1-B1C2-45DA-B4CC-7C8E43815C72}.Debug|Win32.Build.0 = Debug|Win32
		{D52D2FA1-B1C2-45DA-B4CC-7C8E43815C72}.Release|Win32.ActiveCfg = Release|Win32
		{D52D2FA1-B1C2-45DA-B4CC-7C8E43815C72}.Release|Win32.Build.0 = Release|Win32
		{141D35DE-E35C-42A8-B67F-BA108E0CE5E5}.Debug|Win32.ActiveCfg = Debug|Win32
		{141D35DE-E35C-42A8-B67F-BA108E0CE5E5}.Debug|Win32.Build.0 = Debug|Win32
		{141D35DE-E35C-42A8-B67F-BA108E0CE5E5}.Release|Win32.ActiveCfg = Release|Win32
		{141D35DE-E35C-42A8-B67F-BA108E0CE5E5}.Release|Win32.Build.0 = Release|Win32
		{0D516787-DFEE-4DBE-BEE2-AC9970DDD662}.Debug|Win32.ActiveCfg = Debug|Win32
		{0D516787-DFEE-4DBE-BEE2-AC9970DDD662}.Debug|Win32.Build.0 = Debug|Win32
		{0D516787-DFEE-4DBE-BEE2-AC9970DDD662}.Release|Win32.ActiveCfg = Release|Win32
		{0D516787-DFEE-4DBE-BEE2-AC9970DDD662}.Release|Win32.Build.0 = Release|Win32
		{576E2BE3-5D34-4A4C-89A2-C3278523ABD6}.Debug|Win32.ActiveCfg = Debug|Win32
		{576E2BE3-5D34-4A4C-89A2-C3278523ABD6}.Debug|Win32.Build.0 = Debug|Win32
		{576E2BE3-5D34-4A4C-89A2-C3278523ABD6}.Release|Win32.ActiveCfg = Release|Win32
		{576E2BE3-5D34-4A4C-89A2-C3278523ABD6}.Release|Win32.Build.0 = Release|Win32
		{06B356E8-AD8F-4241-BC9C-7E90B46356B2}.Debug|Win32.ActiveCfg = Debug|Win32
		{06B356E8-AD8F-4241-BC9C-7E90B46356B2}.Debug|Win32.Build.0 = Debug|Win32
		{06B356E8-AD8F-4241-BC9C-7E90B46356B2}.Release|Win32.ActiveCfg = Release|Win32
		{06B356E8-AD8F-4241-BC9C-7E90B46356B2}.Release|Win32.Build.0 = Release|Win32
		{171B70D3-FB5C-47CD-9341-C8D3479F2C3F}.Debug|Win32.ActiveCfg = Debug|Win32
		{171B70D3-FB5C-47CD-9341-C8D3479F2C3F}.Debug|Win32.Build.0 = Debug|Win32
		{171B70D3-FB5C-47CD-9341-C8D3479F2C3F}.Release|Win32.ActiveCfg = Release|Win32
		{171B70D3-FB5C-47CD-9341-C8D3479F2C3F}.Release|Win32.Build.0 = Release|Win32
		{97BC5568-4F60-4323-8B5C-C4CA7D0B5218}.Debug|Win32.ActiveCfg = Debug|Win32
		{97BC5568-4F60-4323-8B5C-C4CA7D0B5218}.Debug|Win32.Build.0 = Debug|Win32
		{97BC5568-4F60-4323-8B5C-C4CA7D0B5218}.Release|Win32.ActiveCfg = Release|Win32
		{97BC5568-4F60-4323-8B5C-C4CA7D0B5218}.Release|Win32.Build.0 = Release|Win32
		{CACB4EA0-0D32-4112-960E-C64B382178B9}.Debug|Win32.ActiveCfg = Debug|Win32
		{CACB4EA0-0D32-4112-960E-C64B382178B9}.Debug|Win32.Build.0 = Debug|Win32
		{CACB4EA0-0D32-4112-960E-C64B382178B9}.Release|Win32.ActiveCfg = Release|Win32
		{CACB4EA0-0D32-4112-960E-C64B382178B9}.Release|Win32.Build.0 = Release|Win32
		{A08BFC50-F65B-4B02-932E-0FBB9CBA714E}.Debug|Win32.ActiveCfg = Debug|Win32
		{A08BFC50-F65B-4B02-932E-0FBB9CBA714E}.Debug|Win32.Build.0 = Debug|Win32
		{A08BFC50-F65B-4B02-932E-0FBB9CBA714E}.Release|Win32.ActiveCfg = Release|Win32
		{A08BFC50-F65B-4B02-932E-0FBB9CBA714E}.Release|Win32.Build.0 = Release|Win32
		{17596F80-0759-44D2-97B9-5B26E2CB8371}.Debug|Win32.ActiveCfg = Debug|Win32
		{17596F80-0759-44D2-97B9-5B26E2CB8371}.Debug|Win32.Build.0 = Debug|Win32
		{17596F80-0759-44D2-97B9-5B26E2CB8371}.Release|Win32.ActiveCfg = Release|Win32
		{17596F80-0759-44D2-97B9-5B26E2CB8371}.Release|Win32.Build.0 = Release|Win32
		{EA78435D-21D3-44BE-9CDA-3894BCF00010}.Debug|Win32.ActiveCfg = Debug|Win32
		{EA78435D-21D3-44BE-9CDA-3894BCF00010}.Debug|Win32.Build.0 = Debug|Win32
		{EA78435D-21D3-44BE-9CDA-3894BCF00010}.Release|Win32.ActiveCfg = Release|Win32
		{EA78435D-21D3-44BE-9CDA-3894BCF00010}.Release|Win32.Build.0 = Release|Win32
		{D90675A3-22D5-46F3-88B6-5D51ABF27AFE}.Debug|Win32.ActiveCfg = Debug|Win32
		{D90675A3-22D5-46F3-88B6-5D51ABF27AFE}.Debug|Win32.Build.0 = Debug|Win32
		{D90675A3-22D5-46F3-88B6-5D51ABF27AFE}.Release|Win32.ActiveCfg = Release|Win32
		{D90675A3-22D5-46F3-88B6-5D51ABF27AFE}.Release|Win32.Build.0 = Release|Win32
		{2C834184-C92B-4A8F-8EB2-E787C3234B06}.Debug|Win32.ActiveCfg = Debug|Win32
		{2C834184-C92B-4A8F-8EB2-E787C3234B06}.Debug|Win32.Build.0 = Debug|Win32
		{2C834184-C92B-4A8F-8EB2-E787C3234B06}.Release|Win32.ActiveCfg = Release|Win32
		{2C834184-C92B-4A8F-8EB2-E787C3234B06}.Release|Win32.Build.0 = Release|Win32
		{DA513105-1B71-43BB-8195-22512969333F}.Debug|Win32.ActiveCfg = Debug|Win32
		{DA513105-1B71-43BB-8195-22512969333F}.Debug|Win32.Build.0 = Debug|Win32
		{DA513105-1B71-43BB-8195-22512969333F}.Release|Win32.ActiveCfg = Release|Win32
		{DA513105-1B71-43BB-8195-22512969333F}.Release|Win32.Build.0 = Release|Win32
		{AAA27443-C978-41EA-A40A-65639968CF8E}.Debug|Win32.ActiveCfg = Debug|Win32
		{AAA27443-C978-41EA-A40A-65639968CF8E}.Debug|Win32.Build.0 = Debug|Win32
		{AAA27443-C978-41EA-A40A-65639968CF8E}.Release|Win32.ActiveCfg = Release|Win32
		{AAA27443-C978-41EA-A40A-65639968CF8E}.Release|Win32.Build.0 = Release|Win32
		{CBC443D2-E71D-4838-A444-1F6C89813B0F}.Debug|Win32.ActiveCfg = Debug|Win32
		{CBC443D2-E71D-4838-A444-1F6C89813B0F}.Debug|Win32.Build.0 = Debug|Win32
		{CBC443D2-E71D-4838-A444-1F6C89813B0F}.Release|Win32.ActiveCfg = Release|Win32
		{CBC443D2-E71D-4838-A444-1F6C89813B0F}.Release|Win32.Build.0 = Release|Win32
		{E23610EA-E995-4764-80A1-25B7D476D6FD}.Debug|Win32.ActiveCfg = Debug|Win32
		{E23610EA-E995-4764-80A1-25B7D476D6FD}.Debug|Win32.Build.0 = Debug|Win32
		{E23610EA-E995-4764-80A1-25B7D476D6FD}.Release|Win32.ActiveCfg = Release|Win32
		{E23610EA-E995-4764-80A1-25B7D476D6FD}.Release|Win32.Build.0 = Release|Win32
		{425B68EA-00B0-4751-9160-FD6AA996E486}.Debug|Win32.ActiveCfg = Debug|Win32
		{425B68EA-00B0-4751-9160-FD6AA996E486}.Debug|Win32.Build.0 = Debug|Win32
		{425B68EA-00B0-4751-9160-FD6AA996E486}.Release|Win32.ActiveCfg = Release|Win32
		{425B68EA-00B0-4751-9160-FD6AA996E486}.Release|Win32.Build.0 = Release|Win32
		{C84395C8-3D3F-4BA9-8FC2-C1509DA76CE7}.Debug|Win32.ActiveCfg = Debug|Win32
		{C84395C8-3D3F-4BA9-8FC2-C1509DA76CE7}.Debug|Win32.Build.0 = Debug|Win32
		{C84395C8-3D3F-4BA9-8FC2-C1509DA76CE7}.Release|Win32.ActiveCfg = Release|Win32
		{C84395C8-3D3F-4BA9-8FC2-C1509DA76CE7}.Release|Win32.Build.0 = Release|Win32
	EndGlobalSection
	GlobalSection(SolutionProperties) = preSolution
		HideSolutionNode = FALSE
	EndGlobalSection
EndGlobal
